<?xml version="1.0" encoding="utf-8"?>
<Project ToolsVersion="4.0" xmlns="http://schemas.microsoft.com/developer/msbuild/2003">
  <ItemGroup>
    <Filter Include="源文件">
      <UniqueIdentifier>{4FC737F1-C7A5-4376-A066-2A32D752A2FF}</UniqueIdentifier>
      <Extensions>cpp;c;cc;cxx;c++;cppm;ixx;def;odl;idl;hpj;bat;asm;asmx</Extensions>
    </Filter>
    <Filter Include="头文件">
      <UniqueIdentifier>{93995380-89BD-4b04-88EB-625FBE52EBFB}</UniqueIdentifier>
      <Extensions>h;hh;hpp;hxx;h++;hm;inl;inc;ipp;xsd</Extensions>
    </Filter>
    <Filter Include="资源文件">
      <UniqueIdentifier>{67DA6AB6-F800-4c08-8B7A-83BB121AAD01}</UniqueIdentifier>
      <Extensions>rc;ico;cur;bmp;dlg;rc2;rct;bin;rgs;gif;jpg;jpeg;jpe;resx;tiff;tif;png;wav;mfcribbon-ms</Extensions>
    </Filter>
    <Filter Include="源文件\第二章数据结构">
      <UniqueIdentifier>{02182fd5-0738-4812-a128-693fa20ff2fe}</UniqueIdentifier>
    </Filter>
    <Filter Include="源文件\第一章基础算法">
      <UniqueIdentifier>{e8fd07cc-2acf-432c-9715-8e521cc57bd0}</UniqueIdentifier>
    </Filter>
    <Filter Include="源文件\第三章搜索与图论">
      <UniqueIdentifier>{4b19c0b0-8827-4274-8f36-5c9fb400daf6}</UniqueIdentifier>
    </Filter>
  </ItemGroup>
  <ItemGroup>
    <ClCompile Include="第二章数据结构\154滑动窗口.cpp">
      <Filter>源文件\第二章数据结构</Filter>
    </ClCompile>
    <ClCompile Include="第二章数据结构\800数组元素的目标.cpp">
      <Filter>源文件\第二章数据结构</Filter>
    </ClCompile>
    <ClCompile Include="第二章数据结构\802区间和.cpp">
      <Filter>源文件\第二章数据结构</Filter>
    </ClCompile>
    <ClCompile Include="第二章数据结构\826单链表.cpp">
      <Filter>源文件\第二章数据结构</Filter>
    </ClCompile>
    <ClCompile Include="第二章数据结构\827双链表.cpp">
      <Filter>源文件\第二章数据结构</Filter>
    </ClCompile>
    <ClCompile Include="第二章数据结构\830单调栈.cpp">
      <Filter>源文件\第二章数据结构</Filter>
    </ClCompile>
    <ClCompile Include="第二章数据结构\835Trie树统计.cpp">
      <Filter>源文件\第二章数据结构</Filter>
    </ClCompile>
    <ClCompile Include="第二章数据结构\831kmp.cpp">
      <Filter>源文件\第二章数据结构</Filter>
    </ClCompile>
    <ClCompile Include="第二章数据结构\836合并集.cpp">
      <Filter>源文件\第二章数据结构</Filter>
    </ClCompile>
    <ClCompile Include="第二章数据结构\837连通块中点的数量.cpp">
      <Filter>源文件\第二章数据结构</Filter>
    </ClCompile>
    <ClCompile Include="第二章数据结构\838堆排序.cpp">
      <Filter>源文件\第二章数据结构</Filter>
    </ClCompile>
    <ClCompile Include="第二章数据结构\839模拟堆.cpp">
      <Filter>源文件\第二章数据结构</Filter>
    </ClCompile>
    <ClCompile Include="第二章数据结构\840模拟散列(开放寻址法).cpp">
      <Filter>源文件\第二章数据结构</Filter>
    </ClCompile>
    <ClCompile Include="第二章数据结构\840模拟散列表(拉链法).cpp">
      <Filter>源文件\第二章数据结构</Filter>
    </ClCompile>
    <ClCompile Include="第二章数据结构\841字符串哈希.cpp">
      <Filter>源文件\第二章数据结构</Filter>
    </ClCompile>
    <ClCompile Include="第二章数据结构\C++ STL模板.cpp">
      <Filter>源文件\第二章数据结构</Filter>
    </ClCompile>
    <ClCompile Include="第一章基础算法\785快速排序.cpp">
      <Filter>源文件\第一章基础算法</Filter>
    </ClCompile>
    <ClCompile Include="第一章基础算法\787归并排序.cpp">
      <Filter>源文件\第一章基础算法</Filter>
    </ClCompile>
    <ClCompile Include="第一章基础算法\791高精度加法.cpp">
      <Filter>源文件\第一章基础算法</Filter>
    </ClCompile>
    <ClCompile Include="第一章基础算法\792高精度减法.cpp">
      <Filter>源文件\第一章基础算法</Filter>
    </ClCompile>
    <ClCompile Include="FileName.cpp">
      <Filter>源文件\第一章基础算法</Filter>
    </ClCompile>
    <ClCompile Include="第一章基础算法\793高精度乘法.cpp">
      <Filter>源文件\第一章基础算法</Filter>
    </ClCompile>
    <ClCompile Include="第一章基础算法\794高精度除法.cpp">
      <Filter>源文件\第一章基础算法</Filter>
    </ClCompile>
    <ClCompile Include="第一章基础算法\795前缀和.cpp">
      <Filter>源文件\第一章基础算法</Filter>
    </ClCompile>
    <ClCompile Include="第一章基础算法\796子矩阵的和.cpp">
      <Filter>源文件\第一章基础算法</Filter>
    </ClCompile>
    <ClCompile Include="第一章基础算法\797差分.cpp">
      <Filter>源文件\第一章基础算法</Filter>
    </ClCompile>
    <ClCompile Include="第一章基础算法\798差分矩阵.cpp">
      <Filter>源文件\第一章基础算法</Filter>
    </ClCompile>
    <ClCompile Include="第一章基础算法\799最长连续不重复子序列.cpp">
      <Filter>源文件\第一章基础算法</Filter>
    </ClCompile>
    <ClCompile Include="第一章基础算法\800数组元素的目标和.cpp">
      <Filter>源文件\第一章基础算法</Filter>
    </ClCompile>
    <ClCompile Include="第一章基础算法\801二进制中1的个数.cpp">
      <Filter>源文件\第一章基础算法</Filter>
    </ClCompile>
    <ClCompile Include="第一章基础算法\802区间和.cpp">
      <Filter>源文件\第一章基础算法</Filter>
    </ClCompile>
    <ClCompile Include="第一章基础算法\803区间合并.cpp">
      <Filter>源文件\第一章基础算法</Filter>
    </ClCompile>
    <ClCompile Include="第三章搜索与图论\842排列数字.cpp">
      <Filter>源文件\第三章搜索与图论</Filter>
    </ClCompile>
    <ClCompile Include="第三章搜索与图论\843n皇后问题.cpp">
      <Filter>源文件\第三章搜索与图论</Filter>
    </ClCompile>
    <ClCompile Include="第三章搜索与图论\844走迷宫.cpp">
      <Filter>源文件\第三章搜索与图论</Filter>
    </ClCompile>
    <ClCompile Include="第三章搜索与图论\845八数码.cpp">
      <Filter>源文件\第三章搜索与图论</Filter>
    </ClCompile>
    <ClCompile Include="第三章搜索与图论\846树的重心.cpp">
      <Filter>源文件\第三章搜索与图论</Filter>
    </ClCompile>
    <ClCompile Include="第三章搜索与图论\847图中点的层次.cpp">
      <Filter>源文件\第三章搜索与图论</Filter>
    </ClCompile>
    <ClCompile Include="第三章搜索与图论\848有向图的拓扑序列.cpp">
      <Filter>源文件\第三章搜索与图论</Filter>
    </ClCompile>
    <ClCompile Include="第三章搜索与图论\849Dijkstra求最短路1.cpp">
      <Filter>源文件\第三章搜索与图论</Filter>
    </ClCompile>
    <ClCompile Include="第三章搜索与图论\850Dijkstra求最短路2.cpp">
      <Filter>源文件\第三章搜索与图论</Filter>
    </ClCompile>
    <ClCompile Include="第三章搜索与图论\853有边数限制的最短路.cpp">
      <Filter>源文件\第三章搜索与图论</Filter>
    </ClCompile>
    <ClCompile Include="第三章搜索与图论\851spfa求最短路.cpp">
      <Filter>源文件\第三章搜索与图论</Filter>
    </ClCompile>
    <ClCompile Include="第三章搜索与图论\852spfa判断负环.cpp">
      <Filter>源文件\第三章搜索与图论</Filter>
    </ClCompile>
    <ClCompile Include="第三章搜索与图论\854Floyd求最短路.cpp">
      <Filter>源文件\第三章搜索与图论</Filter>
    </ClCompile>
  </ItemGroup>
  <ItemGroup>
    <Text Include="第一章基础算法\789数的范围.cpp">
      <Filter>源文件\第一章基础算法</Filter>
    </Text>
  </ItemGroup>
</Project>